
Microsoft Visual Studio Solution File, Format Version 12.00
# Visual Studio Version 17
VisualStudioVersion = 17.7.34031.279
MinimumVisualStudioVersion = 10.0.40219.1
Project("{FAE04EC0-301F-11D3-BF4B-00C04F79EFBC}") = "Assignment-9", "Assignment-9\Assignment-9.csproj", "{5BB27236-9CE5-4DDB-A0E4-143B6315CD48}"
EndProject
Global
	GlobalSection(SolutionConfigurationPlatforms) = preSolution
		Debug|Any CPU = Debug|Any CPU
		Release|Any CPU = Release|Any CPU
	EndGlobalSection
	GlobalSection(ProjectConfigurationPlatforms) = postSolution
		{5BB27236-9CE5-4DDB-A0E4-143B6315CD48}.Debug|Any CPU.ActiveCfg = Debug|Any CPU
		{5BB27236-9CE5-4DDB-A0E4-143B6315CD48}.Debug|Any CPU.Build.0 = Debug|Any CPU
		{5BB27236-9CE5-4DDB-A0E4-143B6315CD48}.Release|Any CPU.ActiveCfg = Release|Any CPU
		{5BB27236-9CE5-4DDB-A0E4-143B6315CD48}.Release|Any CPU.Build.0 = Release|Any CPU
	EndGlobalSection
	GlobalSection(SolutionProperties) = preSolution
		HideSolutionNode = FALSE
	EndGlobalSection
	GlobalSection(ExtensibilityGlobals) = postSolution
		SolutionGuid = {1E45E5FC-BFA9-41BF-901B-E886ECDEB0D2}
	EndGlobalSection
EndGlobal
